
Microsoft Visual Studio Solution File, Format Version 12.00
# Visual Studio Version 17
VisualStudioVersion = 17.6.33829.357
MinimumVisualStudioVersion = 10.0.40219.1
Project("{2150E333-8FDC-42A3-9474-1A3956D46DE8}") = "1-Core", "1-Core", "{6E05F633-C1C8-4757-A1AD-A365CFA50512}"
EndProject
Project("{2150E333-8FDC-42A3-9474-1A3956D46DE8}") = "2-Infrastructure", "2-Infrastructure", "{C4642936-0259-4404-B648-153105426598}"
EndProject
Project("{2150E333-8FDC-42A3-9474-1A3956D46DE8}") = "3-Api", "3-Api", "{10A3D871-DA4D-42E3-8F92-C6EFE0733AD0}"
EndProject
Project("{9A19103F-16F7-4668-BE54-9A1E7A4F7556}") = "IKYS.Domain", "IKYS.Domain\IKYS.Domain.csproj", "{8E7AE3A8-B543-4177-9BA3-51AA1073BCC4}"
EndProject
Project("{FAE04EC0-301F-11D3-BF4B-00C04F79EFBC}") = "IKYS.Data", "IKYS.Data\IKYS.Data.csproj", "{362FE01F-B5A2-425C-815F-FCED982FDCB0}"
EndProject
Global
	GlobalSection(SolutionConfigurationPlatforms) = preSolution
		Debug|Any CPU = Debug|Any CPU
		Release|Any CPU = Release|Any CPU
	EndGlobalSection
	GlobalSection(ProjectConfigurationPlatforms) = postSolution
		{8E7AE3A8-B543-4177-9BA3-51AA1073BCC4}.Debug|Any CPU.ActiveCfg = Debug|Any CPU
		{8E7AE3A8-B543-4177-9BA3-51AA1073BCC4}.Debug|Any CPU.Build.0 = Debug|Any CPU
		{8E7AE3A8-B543-4177-9BA3-51AA1073BCC4}.Release|Any CPU.ActiveCfg = Release|Any CPU
		{8E7AE3A8-B543-4177-9BA3-51AA1073BCC4}.Release|Any CPU.Build.0 = Release|Any CPU
		{362FE01F-B5A2-425C-815F-FCED982FDCB0}.Debug|Any CPU.ActiveCfg = Debug|Any CPU
		{362FE01F-B5A2-425C-815F-FCED982FDCB0}.Debug|Any CPU.Build.0 = Debug|Any CPU
		{362FE01F-B5A2-425C-815F-FCED982FDCB0}.Release|Any CPU.ActiveCfg = Release|Any CPU
		{362FE01F-B5A2-425C-815F-FCED982FDCB0}.Release|Any CPU.Build.0 = Release|Any CPU
	EndGlobalSection
	GlobalSection(SolutionProperties) = preSolution
		HideSolutionNode = FALSE
	EndGlobalSection
	GlobalSection(NestedProjects) = preSolution
		{8E7AE3A8-B543-4177-9BA3-51AA1073BCC4} = {6E05F633-C1C8-4757-A1AD-A365CFA50512}
		{362FE01F-B5A2-425C-815F-FCED982FDCB0} = {C4642936-0259-4404-B648-153105426598}
	EndGlobalSection
	GlobalSection(ExtensibilityGlobals) = postSolution
		SolutionGuid = {18EDAF0C-BFFB-4B1E-BC68-42A0DCB568F2}
	EndGlobalSection
EndGlobal
